Microsoft Visual Studio Solution File, Format Version 12.00
# Visual Studio 2012
Project("{FAE04EC0-301F-11D3-BF4B-00C04F79EFBC}") = "PacManGame2Dcs420a4", "PacManGame2Dcs420a4.csproj", "{FF6DDE7C-5E88-486B-82BF-5CA70825F7FC}"
EndProject
Global
	GlobalSection(SolutionConfigurationPlatforms) = preSolution
	Debug|Any CPU = Debug|Any CPU
	ExportDebug|Any CPU = ExportDebug|Any CPU
	ExportRelease|Any CPU = ExportRelease|Any CPU
	EndGlobalSection
	GlobalSection(ProjectConfigurationPlatforms) = postSolution
		{FF6DDE7C-5E88-486B-82BF-5CA70825F7FC}.Debug|Any CPU.ActiveCfg = Debug|Any CPU
		{FF6DDE7C-5E88-486B-82BF-5CA70825F7FC}.Debug|Any CPU.Build.0 = Debug|Any CPU
		{FF6DDE7C-5E88-486B-82BF-5CA70825F7FC}.ExportDebug|Any CPU.ActiveCfg = ExportDebug|Any CPU
		{FF6DDE7C-5E88-486B-82BF-5CA70825F7FC}.ExportDebug|Any CPU.Build.0 = ExportDebug|Any CPU
		{FF6DDE7C-5E88-486B-82BF-5CA70825F7FC}.ExportRelease|Any CPU.ActiveCfg = ExportRelease|Any CPU
		{FF6DDE7C-5E88-486B-82BF-5CA70825F7FC}.ExportRelease|Any CPU.Build.0 = ExportRelease|Any CPU
	EndGlobalSection
EndGlobal
